// !$*UTF8*$!
{
	archiveVersion = 1;
	classes = {
	};
	objectVersion = 52;
	objects = {

/* Begin PBXBuildFile section */
		3E2AC91C24E4FA28008EBC39 /* CNS.swift in Sources */ = {isa = PBXBuildFile; fileRef = 3E2AC91B24E4FA28008EBC39 /* CNS.swift */; };
		3E2AC91F24E4FA35008EBC39 /* NamingService.swift in Sources */ = {isa = PBXBuildFile; fileRef = 3E2AC91E24E4FA35008EBC39 /* NamingService.swift */; };
		3E2AC93E24E4FC9F008EBC39 /* cnsResolver.json in Resources */ = {isa = PBXBuildFile; fileRef = 3E2AC93C24E4FC9F008EBC39 /* cnsResolver.json */; };
		3E2AC93F24E4FC9F008EBC39 /* cnsRegistry.json in Resources */ = {isa = PBXBuildFile; fileRef = 3E2AC93D24E4FC9F008EBC39 /* cnsRegistry.json */; };
		3E2AC94124E5EE9A008EBC39 /* ABIElement.swift in Sources */ = {isa = PBXBuildFile; fileRef = 3E2AC94024E5EE9A008EBC39 /* ABIElement.swift */; };
		3E65912824E381E900D7EC35 /* Errors.swift in Sources */ = {isa = PBXBuildFile; fileRef = 3E65912724E381E900D7EC35 /* Errors.swift */; };
		3E65912B24E386D500D7EC35 /* CryptoSwift in Frameworks */ = {isa = PBXBuildFile; productRef = 3E65912A24E386D500D7EC35 /* CryptoSwift */; };
		3E65913124E4ADAC00D7EC35 /* Contract.swift in Sources */ = {isa = PBXBuildFile; fileRef = 3E65913024E4ADAC00D7EC35 /* Contract.swift */; };
		3EAFA3F724EB59DA008791E9 /* ABICoder.swift in Sources */ = {isa = PBXBuildFile; fileRef = 3EAFA3F624EB59DA008791E9 /* ABICoder.swift */; };
		3EAFA3FE24EE03E0008791E9 /* JSON_RPC.swift in Sources */ = {isa = PBXBuildFile; fileRef = 3EAFA3FD24EE03E0008791E9 /* JSON_RPC.swift */; };
		3EAFA40024EE0CFD008791E9 /* APIRequest.swift in Sources */ = {isa = PBXBuildFile; fileRef = 3EAFA3FF24EE0CFD008791E9 /* APIRequest.swift */; };
		3EAFA40224EE312A008791E9 /* Utilities.swift in Sources */ = {isa = PBXBuildFile; fileRef = 3EAFA40124EE312A008791E9 /* Utilities.swift */; };
		3EAFA40424EE32B2008791E9 /* CommonNamingService.swift in Sources */ = {isa = PBXBuildFile; fileRef = 3EAFA40324EE32B2008791E9 /* CommonNamingService.swift */; };
		3EE4DA0D24E367720097540B /* Resolution.framework in Frameworks */ = {isa = PBXBuildFile; fileRef = 3EE4DA0324E367720097540B /* Resolution.framework */; };
		3EE4DA1224E367720097540B /* resolutionTests.swift in Sources */ = {isa = PBXBuildFile; fileRef = 3EE4DA1124E367720097540B /* resolutionTests.swift */; };
		3EE4DA1424E367720097540B /* resolution.h in Headers */ = {isa = PBXBuildFile; fileRef = 3EE4DA0624E367720097540B /* resolution.h */; settings = {ATTRIBUTES = (Public, ); }; };
		3EE4DA1E24E367D40097540B /* Resolution.swift in Sources */ = {isa = PBXBuildFile; fileRef = 3EE4DA1D24E367D40097540B /* Resolution.swift */; };
		3EF4D83524F77E300022B33C /* AbiCoderTests.swift in Sources */ = {isa = PBXBuildFile; fileRef = 3EF4D83424F77E300022B33C /* AbiCoderTests.swift */; };
/* End PBXBuildFile section */

/* Begin PBXContainerItemProxy section */
		3EE4DA0E24E367720097540B /* PBXContainerItemProxy */ = {
			isa = PBXContainerItemProxy;
			containerPortal = 3EE4D9FA24E367720097540B /* Project object */;
			proxyType = 1;
			remoteGlobalIDString = 3EE4DA0224E367720097540B;
			remoteInfo = resolution;
		};
/* End PBXContainerItemProxy section */

/* Begin PBXFileReference section */
		3E2AC91B24E4FA28008EBC39 /* CNS.swift */ = {isa = PBXFileReference; fileEncoding = 4; lastKnownFileType = sourcecode.swift; path = CNS.swift; sourceTree = "<group>"; };
		3E2AC91E24E4FA35008EBC39 /* NamingService.swift */ = {isa = PBXFileReference; fileEncoding = 4; lastKnownFileType = sourcecode.swift; path = NamingService.swift; sourceTree = "<group>"; };
		3E2AC93C24E4FC9F008EBC39 /* cnsResolver.json */ = {isa = PBXFileReference; fileEncoding = 4; lastKnownFileType = text.json; path = cnsResolver.json; sourceTree = "<group>"; };
		3E2AC93D24E4FC9F008EBC39 /* cnsRegistry.json */ = {isa = PBXFileReference; fileEncoding = 4; lastKnownFileType = text.json; path = cnsRegistry.json; sourceTree = "<group>"; };
		3E2AC94024E5EE9A008EBC39 /* ABIElement.swift */ = {isa = PBXFileReference; lastKnownFileType = sourcecode.swift; path = ABIElement.swift; sourceTree = "<group>"; };
		3E65912724E381E900D7EC35 /* Errors.swift */ = {isa = PBXFileReference; lastKnownFileType = sourcecode.swift; path = Errors.swift; sourceTree = "<group>"; };
		3E65913024E4ADAC00D7EC35 /* Contract.swift */ = {isa = PBXFileReference; lastKnownFileType = sourcecode.swift; path = Contract.swift; sourceTree = "<group>"; };
		3EAFA3F624EB59DA008791E9 /* ABICoder.swift */ = {isa = PBXFileReference; lastKnownFileType = sourcecode.swift; path = ABICoder.swift; sourceTree = "<group>"; };
		3EAFA3FD24EE03E0008791E9 /* JSON_RPC.swift */ = {isa = PBXFileReference; lastKnownFileType = sourcecode.swift; path = JSON_RPC.swift; sourceTree = "<group>"; };
		3EAFA3FF24EE0CFD008791E9 /* APIRequest.swift */ = {isa = PBXFileReference; lastKnownFileType = sourcecode.swift; path = APIRequest.swift; sourceTree = "<group>"; };
		3EAFA40124EE312A008791E9 /* Utilities.swift */ = {isa = PBXFileReference; lastKnownFileType = sourcecode.swift; path = Utilities.swift; sourceTree = "<group>"; };
		3EAFA40324EE32B2008791E9 /* CommonNamingService.swift */ = {isa = PBXFileReference; lastKnownFileType = sourcecode.swift; path = CommonNamingService.swift; sourceTree = "<group>"; };
		3EE4DA0324E367720097540B /* Resolution.framework */ = {isa = PBXFileReference; explicitFileType = wrapper.framework; includeInIndex = 0; path = Resolution.framework; sourceTree = BUILT_PRODUCTS_DIR; };
		3EE4DA0624E367720097540B /* resolution.h */ = {isa = PBXFileReference; lastKnownFileType = sourcecode.c.h; path = resolution.h; sourceTree = "<group>"; };
		3EE4DA0724E367720097540B /* Info.plist */ = {isa = PBXFileReference; lastKnownFileType = text.plist.xml; path = Info.plist; sourceTree = "<group>"; };
		3EE4DA0C24E367720097540B /* ResolutionTests.xctest */ = {isa = PBXFileReference; explicitFileType = wrapper.cfbundle; includeInIndex = 0; path = ResolutionTests.xctest; sourceTree = BUILT_PRODUCTS_DIR; };
		3EE4DA1124E367720097540B /* resolutionTests.swift */ = {isa = PBXFileReference; lastKnownFileType = sourcecode.swift; path = resolutionTests.swift; sourceTree = "<group>"; };
		3EE4DA1324E367720097540B /* Info.plist */ = {isa = PBXFileReference; lastKnownFileType = text.plist.xml; path = Info.plist; sourceTree = "<group>"; };
		3EE4DA1D24E367D40097540B /* Resolution.swift */ = {isa = PBXFileReference; lastKnownFileType = sourcecode.swift; path = Resolution.swift; sourceTree = "<group>"; };
		3EF4D83424F77E300022B33C /* AbiCoderTests.swift */ = {isa = PBXFileReference; lastKnownFileType = sourcecode.swift; path = AbiCoderTests.swift; sourceTree = "<group>"; };
		8425AED824FFBADF00BBCBBA /* README.md */ = {isa = PBXFileReference; lastKnownFileType = net.daringfireball.markdown; path = README.md; sourceTree = "<group>"; };
/* End PBXFileReference section */

/* Begin PBXFrameworksBuildPhase section */
		3EE4DA0024E367720097540B /* Frameworks */ = {
			isa = PBXFrameworksBuildPhase;
			buildActionMask = 2147483647;
			files = (
				3E65912B24E386D500D7EC35 /* CryptoSwift in Frameworks */,
			);
			runOnlyForDeploymentPostprocessing = 0;
		};
		3EE4DA0924E367720097540B /* Frameworks */ = {
			isa = PBXFrameworksBuildPhase;
			buildActionMask = 2147483647;
			files = (
				3EE4DA0D24E367720097540B /* Resolution.framework in Frameworks */,
			);
			runOnlyForDeploymentPostprocessing = 0;
		};
/* End PBXFrameworksBuildPhase section */

/* Begin PBXGroup section */
		3E2AC91A24E4FA28008EBC39 /* NamingServices */ = {
			isa = PBXGroup;
			children = (
				3E2AC91B24E4FA28008EBC39 /* CNS.swift */,
				3EAFA40324EE32B2008791E9 /* CommonNamingService.swift */,
			);
			path = NamingServices;
			sourceTree = "<group>";
		};
		3E2AC91D24E4FA35008EBC39 /* Protocols */ = {
			isa = PBXGroup;
			children = (
				3E2AC91E24E4FA35008EBC39 /* NamingService.swift */,
			);
			path = Protocols;
			sourceTree = "<group>";
		};
		3E2AC92024E4FA3E008EBC39 /* ABI */ = {
			isa = PBXGroup;
			children = (
				3E2AC92124E4FA3E008EBC39 /* CNS */,
				3EAFA3F624EB59DA008791E9 /* ABICoder.swift */,
				3EAFA3FD24EE03E0008791E9 /* JSON_RPC.swift */,
			);
			path = ABI;
			sourceTree = "<group>";
		};
		3E2AC92124E4FA3E008EBC39 /* CNS */ = {
			isa = PBXGroup;
			children = (
				3E2AC93D24E4FC9F008EBC39 /* cnsRegistry.json */,
				3E2AC93C24E4FC9F008EBC39 /* cnsResolver.json */,
				3E2AC94024E5EE9A008EBC39 /* ABIElement.swift */,
			);
			path = CNS;
			sourceTree = "<group>";
		};
		3EE4D9F924E367720097540B = {
			isa = PBXGroup;
			children = (
				8425AED824FFBADF00BBCBBA /* README.md */,
				840B552D24F94B5A00618935 /* Sources */,
				849E07CB24F946CA00A793D3 /* Tests */,
				3EE4DA0424E367720097540B /* Products */,
			);
			sourceTree = "<group>";
		};
		3EE4DA0424E367720097540B /* Products */ = {
			isa = PBXGroup;
			children = (
				3EE4DA0324E367720097540B /* Resolution.framework */,
				3EE4DA0C24E367720097540B /* ResolutionTests.xctest */,
			);
			name = Products;
			sourceTree = "<group>";
		};
		3EE4DA0524E367720097540B /* Resolution */ = {
			isa = PBXGroup;
			children = (
				3E2AC92024E4FA3E008EBC39 /* ABI */,
				3E2AC91D24E4FA35008EBC39 /* Protocols */,
				3E2AC91A24E4FA28008EBC39 /* NamingServices */,
				3EE4DA0624E367720097540B /* resolution.h */,
				3EE4DA1D24E367D40097540B /* Resolution.swift */,
				3E65912724E381E900D7EC35 /* Errors.swift */,
				3E65913024E4ADAC00D7EC35 /* Contract.swift */,
				3EAFA3FF24EE0CFD008791E9 /* APIRequest.swift */,
				3EAFA40124EE312A008791E9 /* Utilities.swift */,
			);
			name = Resolution;
			path = Sources/Resolution;
			sourceTree = SOURCE_ROOT;
		};
		3EE4DA1024E367720097540B /* ResolutionTests */ = {
			isa = PBXGroup;
			children = (
				3EE4DA1124E367720097540B /* resolutionTests.swift */,
				3EE4DA1324E367720097540B /* Info.plist */,
				3EF4D83424F77E300022B33C /* AbiCoderTests.swift */,
			);
			path = ResolutionTests;
			sourceTree = "<group>";
		};
		840B552D24F94B5A00618935 /* Sources */ = {
			isa = PBXGroup;
			children = (
				3EE4DA0724E367720097540B /* Info.plist */,
				3EE4DA0524E367720097540B /* Resolution */,
			);
			path = Sources;
			sourceTree = "<group>";
		};
		849E07CB24F946CA00A793D3 /* Tests */ = {
			isa = PBXGroup;
			children = (
				3EE4DA1024E367720097540B /* ResolutionTests */,
			);
			path = Tests;
			sourceTree = "<group>";
		};
/* End PBXGroup section */

/* Begin PBXHeadersBuildPhase section */
		3EE4D9FE24E367720097540B /* Headers */ = {
			isa = PBXHeadersBuildPhase;
			buildActionMask = 2147483647;
			files = (
				3EE4DA1424E367720097540B /* resolution.h in Headers */,
			);
			runOnlyForDeploymentPostprocessing = 0;
		};
/* End PBXHeadersBuildPhase section */

/* Begin PBXNativeTarget section */
		3EE4DA0224E367720097540B /* Resolution */ = {
			isa = PBXNativeTarget;
			buildConfigurationList = 3EE4DA1724E367720097540B /* Build configuration list for PBXNativeTarget "Resolution" */;
			buildPhases = (
				3EE4D9FE24E367720097540B /* Headers */,
				3EE4D9FF24E367720097540B /* Sources */,
				3EE4DA0024E367720097540B /* Frameworks */,
				3EE4DA0124E367720097540B /* Resources */,
			);
			buildRules = (
			);
			dependencies = (
			);
			name = Resolution;
			packageProductDependencies = (
				3E65912A24E386D500D7EC35 /* CryptoSwift */,
			);
			productName = resolution;
			productReference = 3EE4DA0324E367720097540B /* Resolution.framework */;
			productType = "com.apple.product-type.framework";
		};
		3EE4DA0B24E367720097540B /* ResolutionTests */ = {
			isa = PBXNativeTarget;
			buildConfigurationList = 3EE4DA1A24E367720097540B /* Build configuration list for PBXNativeTarget "ResolutionTests" */;
			buildPhases = (
				3EE4DA0824E367720097540B /* Sources */,
				3EE4DA0924E367720097540B /* Frameworks */,
				3EE4DA0A24E367720097540B /* Resources */,
			);
			buildRules = (
			);
			dependencies = (
				3EE4DA0F24E367720097540B /* PBXTargetDependency */,
			);
			name = ResolutionTests;
			productName = resolutionTests;
			productReference = 3EE4DA0C24E367720097540B /* ResolutionTests.xctest */;
			productType = "com.apple.product-type.bundle.unit-test";
		};
/* End PBXNativeTarget section */

/* Begin PBXProject section */
		3EE4D9FA24E367720097540B /* Project object */ = {
			isa = PBXProject;
			attributes = {
				LastSwiftUpdateCheck = 1160;
				LastUpgradeCheck = 1160;
				ORGANIZATIONNAME = "Johnny Good";
				TargetAttributes = {
					3EE4DA0224E367720097540B = {
						CreatedOnToolsVersion = 11.6;
						LastSwiftMigration = 1160;
					};
					3EE4DA0B24E367720097540B = {
						CreatedOnToolsVersion = 11.6;
					};
				};
			};
			buildConfigurationList = 3EE4D9FD24E367720097540B /* Build configuration list for PBXProject "Resolution" */;
			compatibilityVersion = "Xcode 9.3";
			developmentRegion = en;
			hasScannedForEncodings = 0;
			knownRegions = (
				en,
				Base,
			);
			mainGroup = 3EE4D9F924E367720097540B;
			packageReferences = (
				3E65912924E386D500D7EC35 /* XCRemoteSwiftPackageReference "CryptoSwift" */,
			);
			productRefGroup = 3EE4DA0424E367720097540B /* Products */;
			projectDirPath = "";
			projectRoot = "";
			targets = (
				3EE4DA0224E367720097540B /* Resolution */,
				3EE4DA0B24E367720097540B /* ResolutionTests */,
			);
		};
/* End PBXProject section */

/* Begin PBXResourcesBuildPhase section */
		3EE4DA0124E367720097540B /* Resources */ = {
			isa = PBXResourcesBuildPhase;
			buildActionMask = 2147483647;
			files = (
				3E2AC93E24E4FC9F008EBC39 /* cnsResolver.json in Resources */,
				3E2AC93F24E4FC9F008EBC39 /* cnsRegistry.json in Resources */,
			);
			runOnlyForDeploymentPostprocessing = 0;
		};
		3EE4DA0A24E367720097540B /* Resources */ = {
			isa = PBXResourcesBuildPhase;
			buildActionMask = 2147483647;
			files = (
			);
			runOnlyForDeploymentPostprocessing = 0;
		};
/* End PBXResourcesBuildPhase section */

/* Begin PBXSourcesBuildPhase section */
		3EE4D9FF24E367720097540B /* Sources */ = {
			isa = PBXSourcesBuildPhase;
			buildActionMask = 2147483647;
			files = (
				3E2AC91C24E4FA28008EBC39 /* CNS.swift in Sources */,
				3EAFA40424EE32B2008791E9 /* CommonNamingService.swift in Sources */,
				3E2AC91F24E4FA35008EBC39 /* NamingService.swift in Sources */,
				3E2AC94124E5EE9A008EBC39 /* ABIElement.swift in Sources */,
				3E65912824E381E900D7EC35 /* Errors.swift in Sources */,
				3EAFA3F724EB59DA008791E9 /* ABICoder.swift in Sources */,
				3EE4DA1E24E367D40097540B /* Resolution.swift in Sources */,
				3E65913124E4ADAC00D7EC35 /* Contract.swift in Sources */,
				3EAFA40024EE0CFD008791E9 /* APIRequest.swift in Sources */,
				3EAFA40224EE312A008791E9 /* Utilities.swift in Sources */,
				3EAFA3FE24EE03E0008791E9 /* JSON_RPC.swift in Sources */,
			);
			runOnlyForDeploymentPostprocessing = 0;
		};
		3EE4DA0824E367720097540B /* Sources */ = {
			isa = PBXSourcesBuildPhase;
			buildActionMask = 2147483647;
			files = (
				3EF4D83524F77E300022B33C /* AbiCoderTests.swift in Sources */,
				3EE4DA1224E367720097540B /* resolutionTests.swift in Sources */,
			);
			runOnlyForDeploymentPostprocessing = 0;
		};
/* End PBXSourcesBuildPhase section */

/* Begin PBXTargetDependency section */
		3EE4DA0F24E367720097540B /* PBXTargetDependency */ = {
			isa = PBXTargetDependency;
			target = 3EE4DA0224E367720097540B /* Resolution */;
			targetProxy = 3EE4DA0E24E367720097540B /* PBXContainerItemProxy */;
		};
/* End PBXTargetDependency section */

/* Begin XCBuildConfiguration section */
		3EE4DA1524E367720097540B /* Debug */ = {
			isa = XCBuildConfiguration;
			buildSettings = {
				ALWAYS_SEARCH_USER_PATHS = NO;
				CLANG_ANALYZER_NONNULL = YES;
				CLANG_ANALYZER_NUMBER_OBJECT_CONVERSION = YES_AGGRESSIVE;
				CLANG_CXX_LANGUAGE_STANDARD = "gnu++14";
				CLANG_CXX_LIBRARY = "libc++";
				CLANG_ENABLE_MODULES = YES;
				CLANG_ENABLE_OBJC_ARC = YES;
				CLANG_ENABLE_OBJC_WEAK = YES;
				CLANG_WARN_BLOCK_CAPTURE_AUTORELEASING = YES;
				CLANG_WARN_BOOL_CONVERSION = YES;
				CLANG_WARN_COMMA = YES;
				CLANG_WARN_CONSTANT_CONVERSION = YES;
				CLANG_WARN_DEPRECATED_OBJC_IMPLEMENTATIONS = YES;
				CLANG_WARN_DIRECT_OBJC_ISA_USAGE = YES_ERROR;
				CLANG_WARN_DOCUMENTATION_COMMENTS = YES;
				CLANG_WARN_EMPTY_BODY = YES;
				CLANG_WARN_ENUM_CONVERSION = YES;
				CLANG_WARN_INFINITE_RECURSION = YES;
				CLANG_WARN_INT_CONVERSION = YES;
				CLANG_WARN_NON_LITERAL_NULL_CONVERSION = YES;
				CLANG_WARN_OBJC_IMPLICIT_RETAIN_SELF = YES;
				CLANG_WARN_OBJC_LITERAL_CONVERSION = YES;
				CLANG_WARN_OBJC_ROOT_CLASS = YES_ERROR;
				CLANG_WARN_RANGE_LOOP_ANALYSIS = YES;
				CLANG_WARN_STRICT_PROTOTYPES = YES;
				CLANG_WARN_SUSPICIOUS_MOVE = YES;
				CLANG_WARN_UNGUARDED_AVAILABILITY = YES_AGGRESSIVE;
				CLANG_WARN_UNREACHABLE_CODE = YES;
				CLANG_WARN__DUPLICATE_METHOD_MATCH = YES;
				COPY_PHASE_STRIP = NO;
				CURRENT_PROJECT_VERSION = 1;
				DEBUG_INFORMATION_FORMAT = dwarf;
				ENABLE_STRICT_OBJC_MSGSEND = YES;
				ENABLE_TESTABILITY = YES;
				GCC_C_LANGUAGE_STANDARD = gnu11;
				GCC_DYNAMIC_NO_PIC = NO;
				GCC_NO_COMMON_BLOCKS = YES;
				GCC_OPTIMIZATION_LEVEL = 0;
				GCC_PREPROCESSOR_DEFINITIONS = (
					"DEBUG=1",
					"$(inherited)",
				);
				GCC_WARN_64_TO_32_BIT_CONVERSION = YES;
				GCC_WARN_ABOUT_RETURN_TYPE = YES_ERROR;
				GCC_WARN_UNDECLARED_SELECTOR = YES;
				GCC_WARN_UNINITIALIZED_AUTOS = YES_AGGRESSIVE;
				GCC_WARN_UNUSED_FUNCTION = YES;
				GCC_WARN_UNUSED_VARIABLE = YES;
				IPHONEOS_DEPLOYMENT_TARGET = 13.6;
				MTL_ENABLE_DEBUG_INFO = INCLUDE_SOURCE;
				MTL_FAST_MATH = YES;
				ONLY_ACTIVE_ARCH = YES;
				SDKROOT = iphoneos;
				SWIFT_ACTIVE_COMPILATION_CONDITIONS = DEBUG;
				SWIFT_OPTIMIZATION_LEVEL = "-Onone";
				VERSIONING_SYSTEM = "apple-generic";
				VERSION_INFO_PREFIX = "";
			};
			name = Debug;
		};
		3EE4DA1624E367720097540B /* Release */ = {
			isa = XCBuildConfiguration;
			buildSettings = {
				ALWAYS_SEARCH_USER_PATHS = NO;
				CLANG_ANALYZER_NONNULL = YES;
				CLANG_ANALYZER_NUMBER_OBJECT_CONVERSION = YES_AGGRESSIVE;
				CLANG_CXX_LANGUAGE_STANDARD = "gnu++14";
				CLANG_CXX_LIBRARY = "libc++";
				CLANG_ENABLE_MODULES = YES;
				CLANG_ENABLE_OBJC_ARC = YES;
				CLANG_ENABLE_OBJC_WEAK = YES;
				CLANG_WARN_BLOCK_CAPTURE_AUTORELEASING = YES;
				CLANG_WARN_BOOL_CONVERSION = YES;
				CLANG_WARN_COMMA = YES;
				CLANG_WARN_CONSTANT_CONVERSION = YES;
				CLANG_WARN_DEPRECATED_OBJC_IMPLEMENTATIONS = YES;
				CLANG_WARN_DIRECT_OBJC_ISA_USAGE = YES_ERROR;
				CLANG_WARN_DOCUMENTATION_COMMENTS = YES;
				CLANG_WARN_EMPTY_BODY = YES;
				CLANG_WARN_ENUM_CONVERSION = YES;
				CLANG_WARN_INFINITE_RECURSION = YES;
				CLANG_WARN_INT_CONVERSION = YES;
				CLANG_WARN_NON_LITERAL_NULL_CONVERSION = YES;
				CLANG_WARN_OBJC_IMPLICIT_RETAIN_SELF = YES;
				CLANG_WARN_OBJC_LITERAL_CONVERSION = YES;
				CLANG_WARN_OBJC_ROOT_CLASS = YES_ERROR;
				CLANG_WARN_RANGE_LOOP_ANALYSIS = YES;
				CLANG_WARN_STRICT_PROTOTYPES = YES;
				CLANG_WARN_SUSPICIOUS_MOVE = YES;
				CLANG_WARN_UNGUARDED_AVAILABILITY = YES_AGGRESSIVE;
				CLANG_WARN_UNREACHABLE_CODE = YES;
				CLANG_WARN__DUPLICATE_METHOD_MATCH = YES;
				COPY_PHASE_STRIP = NO;
				CURRENT_PROJECT_VERSION = 1;
				DEBUG_INFORMATION_FORMAT = "dwarf-with-dsym";
				ENABLE_NS_ASSERTIONS = NO;
				ENABLE_STRICT_OBJC_MSGSEND = YES;
				GCC_C_LANGUAGE_STANDARD = gnu11;
				GCC_NO_COMMON_BLOCKS = YES;
				GCC_WARN_64_TO_32_BIT_CONVERSION = YES;
				GCC_WARN_ABOUT_RETURN_TYPE = YES_ERROR;
				GCC_WARN_UNDECLARED_SELECTOR = YES;
				GCC_WARN_UNINITIALIZED_AUTOS = YES_AGGRESSIVE;
				GCC_WARN_UNUSED_FUNCTION = YES;
				GCC_WARN_UNUSED_VARIABLE = YES;
				IPHONEOS_DEPLOYMENT_TARGET = 13.6;
				MTL_ENABLE_DEBUG_INFO = NO;
				MTL_FAST_MATH = YES;
				SDKROOT = iphoneos;
				SWIFT_COMPILATION_MODE = wholemodule;
				SWIFT_OPTIMIZATION_LEVEL = "-O";
				VALIDATE_PRODUCT = YES;
				VERSIONING_SYSTEM = "apple-generic";
				VERSION_INFO_PREFIX = "";
			};
			name = Release;
		};
		3EE4DA1824E367720097540B /* Debug */ = {
			isa = XCBuildConfiguration;
			buildSettings = {
				CLANG_ENABLE_MODULES = YES;
				CODE_SIGN_STYLE = Automatic;
				DEFINES_MODULE = YES;
				DYLIB_COMPATIBILITY_VERSION = 1;
				DYLIB_CURRENT_VERSION = 1;
				DYLIB_INSTALL_NAME_BASE = "@rpath";
				INFOPLIST_FILE = Sources/Info.plist;
				INSTALL_PATH = "$(LOCAL_LIBRARY_DIR)/Frameworks";
				LD_RUNPATH_SEARCH_PATHS = (
					"$(inherited)",
					"@executable_path/Frameworks",
					"@loader_path/Frameworks",
				);
				PRODUCT_BUNDLE_IDENTIFIER = com.unstoppabledomains.resolution;
				PRODUCT_NAME = Resolution;
				SKIP_INSTALL = YES;
				SWIFT_OPTIMIZATION_LEVEL = "-Onone";
				SWIFT_VERSION = 5.0;
				TARGETED_DEVICE_FAMILY = "1,2";
			};
			name = Debug;
		};
		3EE4DA1924E367720097540B /* Release */ = {
			isa = XCBuildConfiguration;
			buildSettings = {
				CLANG_ENABLE_MODULES = YES;
				CODE_SIGN_STYLE = Automatic;
				DEFINES_MODULE = YES;
				DYLIB_COMPATIBILITY_VERSION = 1;
				DYLIB_CURRENT_VERSION = 1;
				DYLIB_INSTALL_NAME_BASE = "@rpath";
				INFOPLIST_FILE = Sources/Info.plist;
				INSTALL_PATH = "$(LOCAL_LIBRARY_DIR)/Frameworks";
				LD_RUNPATH_SEARCH_PATHS = (
					"$(inherited)",
					"@executable_path/Frameworks",
					"@loader_path/Frameworks",
				);
				PRODUCT_BUNDLE_IDENTIFIER = com.unstoppabledomains.resolution;
				PRODUCT_NAME = Resolution;
				SKIP_INSTALL = YES;
				SWIFT_VERSION = 5.0;
				TARGETED_DEVICE_FAMILY = "1,2";
			};
			name = Release;
		};
		3EE4DA1B24E367720097540B /* Debug */ = {
			isa = XCBuildConfiguration;
			buildSettings = {
				ALWAYS_EMBED_SWIFT_STANDARD_LIBRARIES = YES;
				"CODE_SIGN_IDENTITY[sdk=macosx*]" = "-";
				CODE_SIGN_STYLE = Automatic;
				INFOPLIST_FILE = Tests/ResolutionTests/Info.plist;
				LD_RUNPATH_SEARCH_PATHS = (
					"$(inherited)",
					"@executable_path/Frameworks",
					"@loader_path/Frameworks",
				);
				PRODUCT_BUNDLE_IDENTIFIER = com.unstoppabledomains.resolutionTests;
				"PRODUCT_BUNDLE_IDENTIFIER[sdk=macosx*]" = com.unstoppabledomains.resolution;
				PRODUCT_NAME = "$(TARGET_NAME)";
				SWIFT_VERSION = 5.0;
				TARGETED_DEVICE_FAMILY = "1,2";
			};
			name = Debug;
		};
		3EE4DA1C24E367720097540B /* Release */ = {
			isa = XCBuildConfiguration;
			buildSettings = {
				ALWAYS_EMBED_SWIFT_STANDARD_LIBRARIES = YES;
				"CODE_SIGN_IDENTITY[sdk=macosx*]" = "-";
				CODE_SIGN_STYLE = Automatic;
				INFOPLIST_FILE = Tests/ResolutionTests/Info.plist;
				LD_RUNPATH_SEARCH_PATHS = (
					"$(inherited)",
					"@executable_path/Frameworks",
					"@loader_path/Frameworks",
				);
				PRODUCT_BUNDLE_IDENTIFIER = com.unstoppabledomains.resolutionTests;
				"PRODUCT_BUNDLE_IDENTIFIER[sdk=macosx*]" = com.unstoppabledomains.resolution;
				PRODUCT_NAME = "$(TARGET_NAME)";
				SWIFT_VERSION = 5.0;
				TARGETED_DEVICE_FAMILY = "1,2";
			};
			name = Release;
		};
/* End XCBuildConfiguration section */

/* Begin XCConfigurationList section */
		3EE4D9FD24E367720097540B /* Build configuration list for PBXProject "Resolution" */ = {
			isa = XCConfigurationList;
			buildConfigurations = (
				3EE4DA1524E367720097540B /* Debug */,
				3EE4DA1624E367720097540B /* Release */,
			);
			defaultConfigurationIsVisible = 0;
			defaultConfigurationName = Release;
		};
		3EE4DA1724E367720097540B /* Build configuration list for PBXNativeTarget "Resolution" */ = {
			isa = XCConfigurationList;
			buildConfigurations = (
				3EE4DA1824E367720097540B /* Debug */,
				3EE4DA1924E367720097540B /* Release */,
			);
			defaultConfigurationIsVisible = 0;
			defaultConfigurationName = Release;
		};
		3EE4DA1A24E367720097540B /* Build configuration list for PBXNativeTarget "ResolutionTests" */ = {
			isa = XCConfigurationList;
			buildConfigurations = (
				3EE4DA1B24E367720097540B /* Debug */,
				3EE4DA1C24E367720097540B /* Release */,
			);
			defaultConfigurationIsVisible = 0;
			defaultConfigurationName = Release;
		};
/* End XCConfigurationList section */

/* Begin XCRemoteSwiftPackageReference section */
		3E65912924E386D500D7EC35 /* XCRemoteSwiftPackageReference "CryptoSwift" */ = {
			isa = XCRemoteSwiftPackageReference;
			repositoryURL = "https://github.com/krzyzanowskim/CryptoSwift";
			requirement = {
				kind = upToNextMajorVersion;
				minimumVersion = 1.3.1;
			};
		};
/* End XCRemoteSwiftPackageReference section */

/* Begin XCSwiftPackageProductDependency section */
		3E65912A24E386D500D7EC35 /* CryptoSwift */ = {
			isa = XCSwiftPackageProductDependency;
			package = 3E65912924E386D500D7EC35 /* XCRemoteSwiftPackageReference "CryptoSwift" */;
			productName = CryptoSwift;
		};
/* End XCSwiftPackageProductDependency section */
	};
	rootObject = 3EE4D9FA24E367720097540B /* Project object */;
}
