// !$*UTF8*$!
{
	archiveVersion = 1;
	classes = {
	};
	objectVersion = 54;
	objects = {

/* Begin PBXBuildFile section */
		30A69245251385A70079EC69 /* unsProxyReader.json in Resources */ = {isa = PBXBuildFile; fileRef = 30A69244251385A70079EC69 /* unsProxyReader.json */; };
		3E105520258C95D300652FC7 /* DnsType.swift in Sources */ = {isa = PBXBuildFile; fileRef = 3E10551F258C95D300652FC7 /* DnsType.swift */; };
		3E105524258CB73400652FC7 /* DnsUtils.swift in Sources */ = {isa = PBXBuildFile; fileRef = 3E105523258CB73400652FC7 /* DnsUtils.swift */; };
		3E10552E258CBD0900652FC7 /* DnsRecordsError.swift in Sources */ = {isa = PBXBuildFile; fileRef = 3E10552D258CBD0900652FC7 /* DnsRecordsError.swift */; };
		3E2AC91C24E4FA28008EBC39 /* UNS.swift in Sources */ = {isa = PBXBuildFile; fileRef = 3E2AC91B24E4FA28008EBC39 /* UNS.swift */; };
		3E2AC91F24E4FA35008EBC39 /* NamingService.swift in Sources */ = {isa = PBXBuildFile; fileRef = 3E2AC91E24E4FA35008EBC39 /* NamingService.swift */; };
		3E2AC93E24E4FC9F008EBC39 /* unsResolver.json in Resources */ = {isa = PBXBuildFile; fileRef = 3E2AC93C24E4FC9F008EBC39 /* unsResolver.json */; };
		3E2AC93F24E4FC9F008EBC39 /* unsRegistry.json in Resources */ = {isa = PBXBuildFile; fileRef = 3E2AC93D24E4FC9F008EBC39 /* unsRegistry.json */; };
		3E33F99925DCFAB400627C71 /* Configurations.swift in Sources */ = {isa = PBXBuildFile; fileRef = 3E33F99825DCFAB400627C71 /* Configurations.swift */; };
		3E65912824E381E900D7EC35 /* Errors.swift in Sources */ = {isa = PBXBuildFile; fileRef = 3E65912724E381E900D7EC35 /* Errors.swift */; };
		3E65913124E4ADAC00D7EC35 /* Contract.swift in Sources */ = {isa = PBXBuildFile; fileRef = 3E65913024E4ADAC00D7EC35 /* Contract.swift */; };
		3E889CC8268AF94E000C5330 /* TokenUriMetadata.swift in Sources */ = {isa = PBXBuildFile; fileRef = 3E889CC7268AF94E000C5330 /* TokenUriMetadata.swift */; };
		3E889D12268B1BBB000C5330 /* uns-config.json in Resources */ = {isa = PBXBuildFile; fileRef = 3E889D11268B1BBB000C5330 /* uns-config.json */; };
		3E889D1E268D51CF000C5330 /* cnsRegistry.json in Resources */ = {isa = PBXBuildFile; fileRef = 3E889D1D268D51CF000C5330 /* cnsRegistry.json */; };
		3EAFA3F724EB59DA008791E9 /* ABICoder.swift in Sources */ = {isa = PBXBuildFile; fileRef = 3EAFA3F624EB59DA008791E9 /* ABICoder.swift */; };
		3EAFA3FE24EE03E0008791E9 /* JSON_RPC.swift in Sources */ = {isa = PBXBuildFile; fileRef = 3EAFA3FD24EE03E0008791E9 /* JSON_RPC.swift */; };
		3EAFA40024EE0CFD008791E9 /* APIRequest.swift in Sources */ = {isa = PBXBuildFile; fileRef = 3EAFA3FF24EE0CFD008791E9 /* APIRequest.swift */; };
		3EAFA40224EE312A008791E9 /* Utilities.swift in Sources */ = {isa = PBXBuildFile; fileRef = 3EAFA40124EE312A008791E9 /* Utilities.swift */; };
		3EAFA40424EE32B2008791E9 /* CommonNamingService.swift in Sources */ = {isa = PBXBuildFile; fileRef = 3EAFA40324EE32B2008791E9 /* CommonNamingService.swift */; };
		3EB45BCC26E9684B00D25F10 /* resolver-keys.json in Resources */ = {isa = PBXBuildFile; fileRef = 3EB45BCB26E9684B00D25F10 /* resolver-keys.json */; };
		3EC9E0482697F2E0001521B4 /* ensResolver.json in Resources */ = {isa = PBXBuildFile; fileRef = 8449EDFB2513BA3D00DABB57 /* ensResolver.json */; };
		3ECD84AE25A6AEE1001772DD /* UsdtVersion.swift in Sources */ = {isa = PBXBuildFile; fileRef = 3ECD84AD25A6AEE1001772DD /* UsdtVersion.swift */; };
		3EE4DA0D24E367720097540B /* Resolution.framework in Frameworks */ = {isa = PBXBuildFile; fileRef = 3EE4DA0324E367720097540B /* Resolution.framework */; };
		3EE4DA1224E367720097540B /* ResolutionTests.swift in Sources */ = {isa = PBXBuildFile; fileRef = 3EE4DA1124E367720097540B /* ResolutionTests.swift */; };
		3EE4DA1424E367720097540B /* resolution.h in Headers */ = {isa = PBXBuildFile; fileRef = 3EE4DA0624E367720097540B /* resolution.h */; settings = {ATTRIBUTES = (Public, ); }; };
		3EE4DA1E24E367D40097540B /* Resolution.swift in Sources */ = {isa = PBXBuildFile; fileRef = 3EE4DA1D24E367D40097540B /* Resolution.swift */; };
		8402F708250935FE0007F01D /* ContractZNS.swift in Sources */ = {isa = PBXBuildFile; fileRef = 8402F707250935FD0007F01D /* ContractZNS.swift */; };
		8449EDFA25139F2500DABB57 /* ensRegistry.json in Resources */ = {isa = PBXBuildFile; fileRef = 8449EDF925139F2500DABB57 /* ensRegistry.json */; };
		845B401D251389A4006AB08E /* ENS.swift in Sources */ = {isa = PBXBuildFile; fileRef = 845B401C251389A4006AB08E /* ENS.swift */; };
		848E21092507890A008707D2 /* ZNS.swift in Sources */ = {isa = PBXBuildFile; fileRef = 848E21082507890A008707D2 /* ZNS.swift */; };
		848E210C25079D61008707D2 /* Types.swift in Sources */ = {isa = PBXBuildFile; fileRef = 848E210B25079D61008707D2 /* Types.swift */; };
		B650B487269F23460054727E /* EthereumAddress.swift in Sources */ = {isa = PBXBuildFile; fileRef = B650B486269F23460054727E /* EthereumAddress.swift */; };
		B6B202C8260226B700A72AF2 /* BigInt in Frameworks */ = {isa = PBXBuildFile; productRef = B6B202C7260226B700A72AF2 /* BigInt */; };
		B6E79938260223CE00F65894 /* Base58.swift in Sources */ = {isa = PBXBuildFile; fileRef = B6E79936260223CE00F65894 /* Base58.swift */; };
		B6F2075425DBD89800140CE3 /* ABIEncoder.swift in Sources */ = {isa = PBXBuildFile; fileRef = B6F2074C25DBD89800140CE3 /* ABIEncoder.swift */; };
		B6F2075525DBD89800140CE3 /* ABIDecoder.swift in Sources */ = {isa = PBXBuildFile; fileRef = B6F2074D25DBD89800140CE3 /* ABIDecoder.swift */; };
		B6F2075625DBD89800140CE3 /* ABIElements.swift in Sources */ = {isa = PBXBuildFile; fileRef = B6F2074E25DBD89800140CE3 /* ABIElements.swift */; };
		B6F2075725DBD89800140CE3 /* ABITypeParser.swift in Sources */ = {isa = PBXBuildFile; fileRef = B6F2074F25DBD89800140CE3 /* ABITypeParser.swift */; };
		B6F2075825DBD89800140CE3 /* ABIParameterTypes.swift in Sources */ = {isa = PBXBuildFile; fileRef = B6F2075025DBD89800140CE3 /* ABIParameterTypes.swift */; };
		B6F2075925DBD89800140CE3 /* ABI.swift in Sources */ = {isa = PBXBuildFile; fileRef = B6F2075125DBD89800140CE3 /* ABI.swift */; };
		B6F2075A25DBD89800140CE3 /* ABIExtensions.swift in Sources */ = {isa = PBXBuildFile; fileRef = B6F2075225DBD89800140CE3 /* ABIExtensions.swift */; };
		B6F2075B25DBD89800140CE3 /* ABIParsing.swift in Sources */ = {isa = PBXBuildFile; fileRef = B6F2075325DBD89800140CE3 /* ABIParsing.swift */; };
		B6F2076125DBD8C800140CE3 /* EthereumABITests.swift in Sources */ = {isa = PBXBuildFile; fileRef = B6F2075F25DBD8C700140CE3 /* EthereumABITests.swift */; };
		B6F2076D25DBD93900140CE3 /* CryptoSwift in Frameworks */ = {isa = PBXBuildFile; productRef = B6F2076C25DBD93900140CE3 /* CryptoSwift */; };
/* End PBXBuildFile section */

/* Begin PBXContainerItemProxy section */
		3EE4DA0E24E367720097540B /* PBXContainerItemProxy */ = {
			isa = PBXContainerItemProxy;
			containerPortal = 3EE4D9FA24E367720097540B /* Project object */;
			proxyType = 1;
			remoteGlobalIDString = 3EE4DA0224E367720097540B;
			remoteInfo = resolution;
		};
/* End PBXContainerItemProxy section */

/* Begin PBXFileReference section */
		3045D148251E2C6200B65A06 /* LICENSE.md */ = {isa = PBXFileReference; lastKnownFileType = net.daringfireball.markdown; path = LICENSE.md; sourceTree = "<group>"; };
		30A69244251385A70079EC69 /* unsProxyReader.json */ = {isa = PBXFileReference; lastKnownFileType = text.json; path = unsProxyReader.json; sourceTree = "<group>"; };
		3E10551F258C95D300652FC7 /* DnsType.swift */ = {isa = PBXFileReference; lastKnownFileType = sourcecode.swift; path = DnsType.swift; sourceTree = "<group>"; };
		3E105523258CB73400652FC7 /* DnsUtils.swift */ = {isa = PBXFileReference; lastKnownFileType = sourcecode.swift; path = DnsUtils.swift; sourceTree = "<group>"; };
		3E10552D258CBD0900652FC7 /* DnsRecordsError.swift */ = {isa = PBXFileReference; lastKnownFileType = sourcecode.swift; path = DnsRecordsError.swift; sourceTree = "<group>"; };
		3E2AC91B24E4FA28008EBC39 /* UNS.swift */ = {isa = PBXFileReference; fileEncoding = 4; lastKnownFileType = sourcecode.swift; path = UNS.swift; sourceTree = "<group>"; };
		3E2AC91E24E4FA35008EBC39 /* NamingService.swift */ = {isa = PBXFileReference; fileEncoding = 4; lastKnownFileType = sourcecode.swift; path = NamingService.swift; sourceTree = "<group>"; };
		3E2AC93C24E4FC9F008EBC39 /* unsResolver.json */ = {isa = PBXFileReference; fileEncoding = 4; lastKnownFileType = text.json; path = unsResolver.json; sourceTree = "<group>"; };
		3E2AC93D24E4FC9F008EBC39 /* unsRegistry.json */ = {isa = PBXFileReference; fileEncoding = 4; lastKnownFileType = text.json; path = unsRegistry.json; sourceTree = "<group>"; };
		3E322BA0269F5542007023A6 /* ABICoderTests.swift */ = {isa = PBXFileReference; lastKnownFileType = sourcecode.swift; name = ABICoderTests.swift; path = ABICoderTests/ABICoderTests.swift; sourceTree = "<group>"; };
		3E322BA1269F5552007023A6 /* TokenUriMetadataTests.swift */ = {isa = PBXFileReference; lastKnownFileType = sourcecode.swift; name = TokenUriMetadataTests.swift; path = HelpersTests/TokenUriMetadataTests.swift; sourceTree = "<group>"; };
		3E33F99825DCFAB400627C71 /* Configurations.swift */ = {isa = PBXFileReference; lastKnownFileType = sourcecode.swift; path = Configurations.swift; sourceTree = "<group>"; };
		3E65912724E381E900D7EC35 /* Errors.swift */ = {isa = PBXFileReference; lastKnownFileType = sourcecode.swift; path = Errors.swift; sourceTree = "<group>"; };
		3E65913024E4ADAC00D7EC35 /* Contract.swift */ = {isa = PBXFileReference; lastKnownFileType = sourcecode.swift; path = Contract.swift; sourceTree = "<group>"; };
		3E889CC7268AF94E000C5330 /* TokenUriMetadata.swift */ = {isa = PBXFileReference; fileEncoding = 4; lastKnownFileType = sourcecode.swift; path = TokenUriMetadata.swift; sourceTree = "<group>"; };
		3E889D11268B1BBB000C5330 /* uns-config.json */ = {isa = PBXFileReference; lastKnownFileType = text.json; path = "uns-config.json"; sourceTree = "<group>"; };
		3E889D1D268D51CF000C5330 /* cnsRegistry.json */ = {isa = PBXFileReference; lastKnownFileType = text.json; path = cnsRegistry.json; sourceTree = "<group>"; };
		3EAFA3F624EB59DA008791E9 /* ABICoder.swift */ = {isa = PBXFileReference; lastKnownFileType = sourcecode.swift; path = ABICoder.swift; sourceTree = "<group>"; };
		3EAFA3FD24EE03E0008791E9 /* JSON_RPC.swift */ = {isa = PBXFileReference; lastKnownFileType = sourcecode.swift; path = JSON_RPC.swift; sourceTree = "<group>"; };
		3EAFA3FF24EE0CFD008791E9 /* APIRequest.swift */ = {isa = PBXFileReference; lastKnownFileType = sourcecode.swift; path = APIRequest.swift; sourceTree = "<group>"; };
		3EAFA40124EE312A008791E9 /* Utilities.swift */ = {isa = PBXFileReference; lastKnownFileType = sourcecode.swift; path = Utilities.swift; sourceTree = "<group>"; };
		3EAFA40324EE32B2008791E9 /* CommonNamingService.swift */ = {isa = PBXFileReference; lastKnownFileType = sourcecode.swift; path = CommonNamingService.swift; sourceTree = "<group>"; };
		3EB45BCB26E9684B00D25F10 /* resolver-keys.json */ = {isa = PBXFileReference; fileEncoding = 4; lastKnownFileType = text.json; path = "resolver-keys.json"; sourceTree = "<group>"; };
		3EC9E04B2697FF84001521B4 /* CHANGELOG.md */ = {isa = PBXFileReference; lastKnownFileType = net.daringfireball.markdown; path = CHANGELOG.md; sourceTree = "<group>"; };
		3EC9E04E2698002F001521B4 /* UnstoppableDomainsResolution.podspec */ = {isa = PBXFileReference; lastKnownFileType = text; path = UnstoppableDomainsResolution.podspec; sourceTree = "<group>"; };
		3ECD84AD25A6AEE1001772DD /* UsdtVersion.swift */ = {isa = PBXFileReference; lastKnownFileType = sourcecode.swift; path = UsdtVersion.swift; sourceTree = "<group>"; };
		3EE4DA0324E367720097540B /* Resolution.framework */ = {isa = PBXFileReference; explicitFileType = wrapper.framework; includeInIndex = 0; path = Resolution.framework; sourceTree = BUILT_PRODUCTS_DIR; };
		3EE4DA0624E367720097540B /* resolution.h */ = {isa = PBXFileReference; lastKnownFileType = sourcecode.c.h; path = resolution.h; sourceTree = "<group>"; };
		3EE4DA0724E367720097540B /* Info.plist */ = {isa = PBXFileReference; lastKnownFileType = text.plist.xml; path = Info.plist; sourceTree = "<group>"; };
		3EE4DA0C24E367720097540B /* ResolutionTests.xctest */ = {isa = PBXFileReference; explicitFileType = wrapper.cfbundle; includeInIndex = 0; path = ResolutionTests.xctest; sourceTree = BUILT_PRODUCTS_DIR; };
		3EE4DA1124E367720097540B /* ResolutionTests.swift */ = {isa = PBXFileReference; lastKnownFileType = sourcecode.swift; path = ResolutionTests.swift; sourceTree = "<group>"; };
		3EE4DA1324E367720097540B /* Info.plist */ = {isa = PBXFileReference; lastKnownFileType = text.plist.xml; path = Info.plist; sourceTree = "<group>"; };
		3EE4DA1D24E367D40097540B /* Resolution.swift */ = {isa = PBXFileReference; lastKnownFileType = sourcecode.swift; path = Resolution.swift; sourceTree = "<group>"; };
		8402F707250935FD0007F01D /* ContractZNS.swift */ = {isa = PBXFileReference; fileEncoding = 4; lastKnownFileType = sourcecode.swift; path = ContractZNS.swift; sourceTree = "<group>"; };
		8425AED824FFBADF00BBCBBA /* README.md */ = {isa = PBXFileReference; lastKnownFileType = net.daringfireball.markdown; path = README.md; sourceTree = "<group>"; };
		8449EDF925139F2500DABB57 /* ensRegistry.json */ = {isa = PBXFileReference; fileEncoding = 4; lastKnownFileType = text.json; path = ensRegistry.json; sourceTree = "<group>"; };
		8449EDFB2513BA3D00DABB57 /* ensResolver.json */ = {isa = PBXFileReference; fileEncoding = 4; lastKnownFileType = text.json; path = ensResolver.json; sourceTree = "<group>"; };
		845B401C251389A4006AB08E /* ENS.swift */ = {isa = PBXFileReference; fileEncoding = 4; lastKnownFileType = sourcecode.swift; path = ENS.swift; sourceTree = "<group>"; };
		848E21082507890A008707D2 /* ZNS.swift */ = {isa = PBXFileReference; lastKnownFileType = sourcecode.swift; path = ZNS.swift; sourceTree = "<group>"; };
		848E210B25079D61008707D2 /* Types.swift */ = {isa = PBXFileReference; lastKnownFileType = sourcecode.swift; path = Types.swift; sourceTree = "<group>"; };
		849E07CC24F946CA00A793D3 /* LinuxMain.swift */ = {isa = PBXFileReference; lastKnownFileType = sourcecode.swift; path = LinuxMain.swift; sourceTree = "<group>"; };
		849E07D124F9499900A793D3 /* XCTestManifests.swift */ = {isa = PBXFileReference; lastKnownFileType = sourcecode.swift; path = XCTestManifests.swift; sourceTree = "<group>"; };
		B650B486269F23460054727E /* EthereumAddress.swift */ = {isa = PBXFileReference; fileEncoding = 4; lastKnownFileType = sourcecode.swift; path = EthereumAddress.swift; sourceTree = "<group>"; };
		B6E79935260223CE00F65894 /* README.md */ = {isa = PBXFileReference; fileEncoding = 4; lastKnownFileType = net.daringfireball.markdown; path = README.md; sourceTree = "<group>"; };
		B6E79936260223CE00F65894 /* Base58.swift */ = {isa = PBXFileReference; fileEncoding = 4; lastKnownFileType = sourcecode.swift; path = Base58.swift; sourceTree = "<group>"; };
		B6F2074C25DBD89800140CE3 /* ABIEncoder.swift */ = {isa = PBXFileReference; fileEncoding = 4; lastKnownFileType = sourcecode.swift; path = ABIEncoder.swift; sourceTree = "<group>"; };
		B6F2074D25DBD89800140CE3 /* ABIDecoder.swift */ = {isa = PBXFileReference; fileEncoding = 4; lastKnownFileType = sourcecode.swift; path = ABIDecoder.swift; sourceTree = "<group>"; };
		B6F2074E25DBD89800140CE3 /* ABIElements.swift */ = {isa = PBXFileReference; fileEncoding = 4; lastKnownFileType = sourcecode.swift; path = ABIElements.swift; sourceTree = "<group>"; };
		B6F2074F25DBD89800140CE3 /* ABITypeParser.swift */ = {isa = PBXFileReference; fileEncoding = 4; lastKnownFileType = sourcecode.swift; path = ABITypeParser.swift; sourceTree = "<group>"; };
		B6F2075025DBD89800140CE3 /* ABIParameterTypes.swift */ = {isa = PBXFileReference; fileEncoding = 4; lastKnownFileType = sourcecode.swift; path = ABIParameterTypes.swift; sourceTree = "<group>"; };
		B6F2075125DBD89800140CE3 /* ABI.swift */ = {isa = PBXFileReference; fileEncoding = 4; lastKnownFileType = sourcecode.swift; path = ABI.swift; sourceTree = "<group>"; };
		B6F2075225DBD89800140CE3 /* ABIExtensions.swift */ = {isa = PBXFileReference; fileEncoding = 4; lastKnownFileType = sourcecode.swift; path = ABIExtensions.swift; sourceTree = "<group>"; };
		B6F2075325DBD89800140CE3 /* ABIParsing.swift */ = {isa = PBXFileReference; fileEncoding = 4; lastKnownFileType = sourcecode.swift; path = ABIParsing.swift; sourceTree = "<group>"; };
		B6F2075F25DBD8C700140CE3 /* EthereumABITests.swift */ = {isa = PBXFileReference; fileEncoding = 4; lastKnownFileType = sourcecode.swift; path = EthereumABITests.swift; sourceTree = "<group>"; };
		B6F2076025DBD8C700140CE3 /* Info.plist */ = {isa = PBXFileReference; fileEncoding = 4; lastKnownFileType = text.plist.xml; path = Info.plist; sourceTree = "<group>"; };
/* End PBXFileReference section */

/* Begin PBXFrameworksBuildPhase section */
		3EE4DA0024E367720097540B /* Frameworks */ = {
			isa = PBXFrameworksBuildPhase;
			buildActionMask = 2147483647;
			files = (
				B6B202C8260226B700A72AF2 /* BigInt in Frameworks */,
				B6F2076D25DBD93900140CE3 /* CryptoSwift in Frameworks */,
			);
			runOnlyForDeploymentPostprocessing = 0;
		};
		3EE4DA0924E367720097540B /* Frameworks */ = {
			isa = PBXFrameworksBuildPhase;
			buildActionMask = 2147483647;
			files = (
				3EE4DA0D24E367720097540B /* Resolution.framework in Frameworks */,
			);
			runOnlyForDeploymentPostprocessing = 0;
		};
/* End PBXFrameworksBuildPhase section */

/* Begin PBXGroup section */
		3045D143251E071200B65A06 /* Resources */ = {
			isa = PBXGroup;
			children = (
				3E2AC92124E4FA3E008EBC39 /* UNS */,
				8449EDF825139F2500DABB57 /* ENS */,
			);
			path = Resources;
			sourceTree = "<group>";
		};
		3E10551E258C95BD00652FC7 /* DNS */ = {
			isa = PBXGroup;
			children = (
				3E10551F258C95D300652FC7 /* DnsType.swift */,
				3E105523258CB73400652FC7 /* DnsUtils.swift */,
				3E10552D258CBD0900652FC7 /* DnsRecordsError.swift */,
			);
			path = DNS;
			sourceTree = "<group>";
		};
		3E2AC91A24E4FA28008EBC39 /* NamingServices */ = {
			isa = PBXGroup;
			children = (
				3EAFA40324EE32B2008791E9 /* CommonNamingService.swift */,
				3E2AC91B24E4FA28008EBC39 /* UNS.swift */,
				845B401C251389A4006AB08E /* ENS.swift */,
				848E21082507890A008707D2 /* ZNS.swift */,
			);
			path = NamingServices;
			sourceTree = "<group>";
		};
		3E2AC91D24E4FA35008EBC39 /* Protocols */ = {
			isa = PBXGroup;
			children = (
				3E2AC91E24E4FA35008EBC39 /* NamingService.swift */,
			);
			path = Protocols;
			sourceTree = "<group>";
		};
		3E2AC92024E4FA3E008EBC39 /* ABI */ = {
			isa = PBXGroup;
			children = (
				B6F2074B25DBD89800140CE3 /* EthereumABI */,
				3EAFA3F624EB59DA008791E9 /* ABICoder.swift */,
				3EAFA3FD24EE03E0008791E9 /* JSON_RPC.swift */,
			);
			path = ABI;
			sourceTree = "<group>";
		};
		3E2AC92124E4FA3E008EBC39 /* UNS */ = {
			isa = PBXGroup;
			children = (
				3EB45BCB26E9684B00D25F10 /* resolver-keys.json */,
				3E889D11268B1BBB000C5330 /* uns-config.json */,
				3E889D1D268D51CF000C5330 /* cnsRegistry.json */,
				3E2AC93D24E4FC9F008EBC39 /* unsRegistry.json */,
				3E2AC93C24E4FC9F008EBC39 /* unsResolver.json */,
				30A69244251385A70079EC69 /* unsProxyReader.json */,
			);
			path = UNS;
			sourceTree = "<group>";
		};
		3EE4D9F924E367720097540B = {
			isa = PBXGroup;
			children = (
				3EC9E04E2698002F001521B4 /* UnstoppableDomainsResolution.podspec */,
				3EC9E04B2697FF84001521B4 /* CHANGELOG.md */,
				8425AED824FFBADF00BBCBBA /* README.md */,
				3045D148251E2C6200B65A06 /* LICENSE.md */,
				840B552D24F94B5A00618935 /* Sources */,
				849E07CB24F946CA00A793D3 /* Tests */,
				3EE4DA0424E367720097540B /* Products */,
				B6E2A65C251BA87B00E927FC /* Frameworks */,
			);
			sourceTree = "<group>";
		};
		3EE4DA0424E367720097540B /* Products */ = {
			isa = PBXGroup;
			children = (
				3EE4DA0324E367720097540B /* Resolution.framework */,
				3EE4DA0C24E367720097540B /* ResolutionTests.xctest */,
			);
			name = Products;
			sourceTree = "<group>";
		};
		3EE4DA0524E367720097540B /* Resolution */ = {
			isa = PBXGroup;
			children = (
				B6E79933260223CE00F65894 /* Support */,
				3045D143251E071200B65A06 /* Resources */,
				848E210A25079D43008707D2 /* Helpers */,
				3E2AC92024E4FA3E008EBC39 /* ABI */,
				3E2AC91D24E4FA35008EBC39 /* Protocols */,
				3E2AC91A24E4FA28008EBC39 /* NamingServices */,
				3EE4DA0624E367720097540B /* resolution.h */,
				3EE4DA1D24E367D40097540B /* Resolution.swift */,
				3E65912724E381E900D7EC35 /* Errors.swift */,
				3E65913024E4ADAC00D7EC35 /* Contract.swift */,
				8402F707250935FD0007F01D /* ContractZNS.swift */,
				3EAFA3FF24EE0CFD008791E9 /* APIRequest.swift */,
				3E33F99825DCFAB400627C71 /* Configurations.swift */,
			);
			name = Resolution;
			path = Sources/UnstoppableDomainsResolution;
			sourceTree = SOURCE_ROOT;
		};
		3EE4DA1024E367720097540B /* ResolutionTests */ = {
			isa = PBXGroup;
			children = (
				3EE4DA1124E367720097540B /* ResolutionTests.swift */,
				3EE4DA1324E367720097540B /* Info.plist */,
				849E07D124F9499900A793D3 /* XCTestManifests.swift */,
			);
			path = ResolutionTests;
			sourceTree = "<group>";
		};
		840B552D24F94B5A00618935 /* Sources */ = {
			isa = PBXGroup;
			children = (
				3EE4DA0724E367720097540B /* Info.plist */,
				3EE4DA0524E367720097540B /* Resolution */,
			);
			path = Sources;
			sourceTree = "<group>";
		};
		8449EDF825139F2500DABB57 /* ENS */ = {
			isa = PBXGroup;
			children = (
				8449EDF925139F2500DABB57 /* ensRegistry.json */,
				8449EDFB2513BA3D00DABB57 /* ensResolver.json */,
			);
			path = ENS;
			sourceTree = "<group>";
		};
		848E210A25079D43008707D2 /* Helpers */ = {
			isa = PBXGroup;
			children = (
				3E10551E258C95BD00652FC7 /* DNS */,
				3E889CC7268AF94E000C5330 /* TokenUriMetadata.swift */,
				3EAFA40124EE312A008791E9 /* Utilities.swift */,
				848E210B25079D61008707D2 /* Types.swift */,
				3ECD84AD25A6AEE1001772DD /* UsdtVersion.swift */,
			);
			path = Helpers;
			sourceTree = "<group>";
		};
		849E07CB24F946CA00A793D3 /* Tests */ = {
			isa = PBXGroup;
			children = (
				3E322BA1269F5552007023A6 /* TokenUriMetadataTests.swift */,
				3E322BA0269F5542007023A6 /* ABICoderTests.swift */,
				849E07CC24F946CA00A793D3 /* LinuxMain.swift */,
				B6F2075E25DBD8C700140CE3 /* EthereumABITests */,
				3EE4DA1024E367720097540B /* ResolutionTests */,
			);
			path = Tests;
			sourceTree = "<group>";
		};
		B650B485269F23460054727E /* EthereumAddress */ = {
			isa = PBXGroup;
			children = (
				B650B486269F23460054727E /* EthereumAddress.swift */,
			);
			path = EthereumAddress;
			sourceTree = "<group>";
		};
		B6E2A65C251BA87B00E927FC /* Frameworks */ = {
			isa = PBXGroup;
			children = (
			);
			name = Frameworks;
			sourceTree = "<group>";
		};
		B6E79933260223CE00F65894 /* Support */ = {
			isa = PBXGroup;
			children = (
				B6E79934260223CE00F65894 /* Base58Swift */,
				B650B485269F23460054727E /* EthereumAddress */,
			);
			path = Support;
			sourceTree = "<group>";
		};
		B6E79934260223CE00F65894 /* Base58Swift */ = {
			isa = PBXGroup;
			children = (
				B6E79936260223CE00F65894 /* Base58.swift */,
				B6E79935260223CE00F65894 /* README.md */,
			);
			path = Base58Swift;
			sourceTree = "<group>";
		};
		B6F2074B25DBD89800140CE3 /* EthereumABI */ = {
			isa = PBXGroup;
			children = (
				B6F2074C25DBD89800140CE3 /* ABIEncoder.swift */,
				B6F2074D25DBD89800140CE3 /* ABIDecoder.swift */,
				B6F2074E25DBD89800140CE3 /* ABIElements.swift */,
				B6F2074F25DBD89800140CE3 /* ABITypeParser.swift */,
				B6F2075025DBD89800140CE3 /* ABIParameterTypes.swift */,
				B6F2075125DBD89800140CE3 /* ABI.swift */,
				B6F2075225DBD89800140CE3 /* ABIExtensions.swift */,
				B6F2075325DBD89800140CE3 /* ABIParsing.swift */,
			);
			path = EthereumABI;
			sourceTree = "<group>";
		};
		B6F2075E25DBD8C700140CE3 /* EthereumABITests */ = {
			isa = PBXGroup;
			children = (
				B6F2075F25DBD8C700140CE3 /* EthereumABITests.swift */,
				B6F2076025DBD8C700140CE3 /* Info.plist */,
			);
			path = EthereumABITests;
			sourceTree = "<group>";
		};
/* End PBXGroup section */

/* Begin PBXHeadersBuildPhase section */
		3EE4D9FE24E367720097540B /* Headers */ = {
			isa = PBXHeadersBuildPhase;
			buildActionMask = 2147483647;
			files = (
				3EE4DA1424E367720097540B /* resolution.h in Headers */,
			);
			runOnlyForDeploymentPostprocessing = 0;
		};
/* End PBXHeadersBuildPhase section */

/* Begin PBXNativeTarget section */
		3EE4DA0224E367720097540B /* UnstoppableDomainsResolution */ = {
			isa = PBXNativeTarget;
			buildConfigurationList = 3EE4DA1724E367720097540B /* Build configuration list for PBXNativeTarget "UnstoppableDomainsResolution" */;
			buildPhases = (
				3EE4D9FE24E367720097540B /* Headers */,
				3E889CD3268B0D7F000C5330 /* Fetch network configurations */,
				3EE4D9FF24E367720097540B /* Sources */,
				84412BFF25029A0E0025EE78 /* Run swiftlint */,
				3EE4DA0024E367720097540B /* Frameworks */,
				3EE4DA0124E367720097540B /* Resources */,
			);
			buildRules = (
			);
			dependencies = (
			);
			name = UnstoppableDomainsResolution;
			packageProductDependencies = (
				B6F2076C25DBD93900140CE3 /* CryptoSwift */,
				B6B202C7260226B700A72AF2 /* BigInt */,
			);
			productName = resolution;
			productReference = 3EE4DA0324E367720097540B /* Resolution.framework */;
			productType = "com.apple.product-type.framework";
		};
		3EE4DA0B24E367720097540B /* ResolutionTests */ = {
			isa = PBXNativeTarget;
			buildConfigurationList = 3EE4DA1A24E367720097540B /* Build configuration list for PBXNativeTarget "ResolutionTests" */;
			buildPhases = (
				3EE4DA0824E367720097540B /* Sources */,
				3EE4DA0924E367720097540B /* Frameworks */,
				3EE4DA0A24E367720097540B /* Resources */,
			);
			buildRules = (
			);
			dependencies = (
				3EE4DA0F24E367720097540B /* PBXTargetDependency */,
			);
			name = ResolutionTests;
			productName = resolutionTests;
			productReference = 3EE4DA0C24E367720097540B /* ResolutionTests.xctest */;
			productType = "com.apple.product-type.bundle.unit-test";
		};
/* End PBXNativeTarget section */

/* Begin PBXProject section */
		3EE4D9FA24E367720097540B /* Project object */ = {
			isa = PBXProject;
			attributes = {
				LastSwiftUpdateCheck = 1160;
				LastUpgradeCheck = 1250;
				ORGANIZATIONNAME = "Unstoppable Domains";
				TargetAttributes = {
					3EE4DA0224E367720097540B = {
						CreatedOnToolsVersion = 11.6;
						LastSwiftMigration = 1160;
					};
					3EE4DA0B24E367720097540B = {
						CreatedOnToolsVersion = 11.6;
					};
				};
			};
			buildConfigurationList = 3EE4D9FD24E367720097540B /* Build configuration list for PBXProject "resolution" */;
			compatibilityVersion = "Xcode 9.3";
			developmentRegion = en;
			hasScannedForEncodings = 0;
			knownRegions = (
				en,
				Base,
			);
			mainGroup = 3EE4D9F924E367720097540B;
			packageReferences = (
				B6F2076B25DBD93900140CE3 /* XCRemoteSwiftPackageReference "CryptoSwift" */,
				B6B202C6260226B700A72AF2 /* XCRemoteSwiftPackageReference "BigInt" */,
			);
			productRefGroup = 3EE4DA0424E367720097540B /* Products */;
			projectDirPath = "";
			projectRoot = "";
			targets = (
				3EE4DA0224E367720097540B /* UnstoppableDomainsResolution */,
				3EE4DA0B24E367720097540B /* ResolutionTests */,
			);
		};
/* End PBXProject section */

/* Begin PBXResourcesBuildPhase section */
		3EE4DA0124E367720097540B /* Resources */ = {
			isa = PBXResourcesBuildPhase;
			buildActionMask = 2147483647;
			files = (
				3EC9E0482697F2E0001521B4 /* ensResolver.json in Resources */,
				3E889D1E268D51CF000C5330 /* cnsRegistry.json in Resources */,
				3E889D12268B1BBB000C5330 /* uns-config.json in Resources */,
				30A69245251385A70079EC69 /* unsProxyReader.json in Resources */,
				3E2AC93E24E4FC9F008EBC39 /* unsResolver.json in Resources */,
				3EB45BCC26E9684B00D25F10 /* resolver-keys.json in Resources */,
				3E2AC93F24E4FC9F008EBC39 /* unsRegistry.json in Resources */,
				8449EDFA25139F2500DABB57 /* ensRegistry.json in Resources */,
			);
			runOnlyForDeploymentPostprocessing = 0;
		};
		3EE4DA0A24E367720097540B /* Resources */ = {
			isa = PBXResourcesBuildPhase;
			buildActionMask = 2147483647;
			files = (
			);
			runOnlyForDeploymentPostprocessing = 0;
		};
/* End PBXResourcesBuildPhase section */

/* Begin PBXShellScriptBuildPhase section */
		3E889CD3268B0D7F000C5330 /* Fetch network configurations */ = {
			isa = PBXShellScriptBuildPhase;
			alwaysOutOfDate = 1;
			buildActionMask = 12;
			files = (
			);
			inputFileListPaths = (
			);
			inputPaths = (
			);
			name = "Fetch network configurations";
			outputFileListPaths = (
			);
			outputPaths = (
			);
			runOnlyForDeploymentPostprocessing = 0;
			shellPath = /bin/sh;
			shellScript = "# Type a script or drag a script file from your workspace to insert its path.\ncurl \"https://raw.githubusercontent.com/unstoppabledomains/uns/main/uns-config.json\" -o \"$PROJECT_DIR/Sources/UnstoppableDomainsResolution/Resources/UNS/uns-config.json\"\ncurl \"https://raw.githubusercontent.com/unstoppabledomains/uns/main/resolver-keys.json\" -o \"$PROJECT_DIR/Sources/UnstoppableDomainsResolution/Resources/UNS/resolver-keys.json\"\n";
		};
		84412BFF25029A0E0025EE78 /* Run swiftlint */ = {
			isa = PBXShellScriptBuildPhase;
			buildActionMask = 2147483647;
			files = (
			);
			inputFileListPaths = (
			);
			inputPaths = (
			);
			name = "Run swiftlint";
			outputFileListPaths = (
			);
			outputPaths = (
			);
			runOnlyForDeploymentPostprocessing = 0;
			shellPath = /bin/sh;
			shellScript = "if which swiftlint >/dev/null; then\n  swiftlint autocorrect\n  swiftlint\nelse\n  echo \"warning: SwiftLint not installed, download from https://github.com/realm/SwiftLint\"\nfi\n";
		};
/* End PBXShellScriptBuildPhase section */

/* Begin PBXSourcesBuildPhase section */
		3EE4D9FF24E367720097540B /* Sources */ = {
			isa = PBXSourcesBuildPhase;
			buildActionMask = 2147483647;
			files = (
				3ECD84AE25A6AEE1001772DD /* UsdtVersion.swift in Sources */,
				3E2AC91C24E4FA28008EBC39 /* UNS.swift in Sources */,
				845B401D251389A4006AB08E /* ENS.swift in Sources */,
				3E33F99925DCFAB400627C71 /* Configurations.swift in Sources */,
				B6F2075825DBD89800140CE3 /* ABIParameterTypes.swift in Sources */,
				B6F2075A25DBD89800140CE3 /* ABIExtensions.swift in Sources */,
				B6F2075625DBD89800140CE3 /* ABIElements.swift in Sources */,
				3EAFA40424EE32B2008791E9 /* CommonNamingService.swift in Sources */,
				3E2AC91F24E4FA35008EBC39 /* NamingService.swift in Sources */,
				B6F2075525DBD89800140CE3 /* ABIDecoder.swift in Sources */,
				848E21092507890A008707D2 /* ZNS.swift in Sources */,
				B6E79938260223CE00F65894 /* Base58.swift in Sources */,
				B650B487269F23460054727E /* EthereumAddress.swift in Sources */,
				3E65912824E381E900D7EC35 /* Errors.swift in Sources */,
				3E889CC8268AF94E000C5330 /* TokenUriMetadata.swift in Sources */,
				3EAFA3F724EB59DA008791E9 /* ABICoder.swift in Sources */,
				3E105520258C95D300652FC7 /* DnsType.swift in Sources */,
				B6F2075725DBD89800140CE3 /* ABITypeParser.swift in Sources */,
				B6F2075425DBD89800140CE3 /* ABIEncoder.swift in Sources */,
				3EE4DA1E24E367D40097540B /* Resolution.swift in Sources */,
				848E210C25079D61008707D2 /* Types.swift in Sources */,
				B6F2075925DBD89800140CE3 /* ABI.swift in Sources */,
				3E65913124E4ADAC00D7EC35 /* Contract.swift in Sources */,
				3EAFA40024EE0CFD008791E9 /* APIRequest.swift in Sources */,
				3EAFA40224EE312A008791E9 /* Utilities.swift in Sources */,
				3EAFA3FE24EE03E0008791E9 /* JSON_RPC.swift in Sources */,
				8402F708250935FE0007F01D /* ContractZNS.swift in Sources */,
				3E105524258CB73400652FC7 /* DnsUtils.swift in Sources */,
				3E10552E258CBD0900652FC7 /* DnsRecordsError.swift in Sources */,
				B6F2075B25DBD89800140CE3 /* ABIParsing.swift in Sources */,
			);
			runOnlyForDeploymentPostprocessing = 0;
		};
		3EE4DA0824E367720097540B /* Sources */ = {
			isa = PBXSourcesBuildPhase;
			buildActionMask = 2147483647;
			files = (
				3EE4DA1224E367720097540B /* ResolutionTests.swift in Sources */,
				B6F2076125DBD8C800140CE3 /* EthereumABITests.swift in Sources */,
			);
			runOnlyForDeploymentPostprocessing = 0;
		};
/* End PBXSourcesBuildPhase section */

/* Begin PBXTargetDependency section */
		3EE4DA0F24E367720097540B /* PBXTargetDependency */ = {
			isa = PBXTargetDependency;
			target = 3EE4DA0224E367720097540B /* UnstoppableDomainsResolution */;
			targetProxy = 3EE4DA0E24E367720097540B /* PBXContainerItemProxy */;
		};
/* End PBXTargetDependency section */

/* Begin XCBuildConfiguration section */
		3EE4DA1524E367720097540B /* Debug */ = {
			isa = XCBuildConfiguration;
			buildSettings = {
				ALWAYS_SEARCH_USER_PATHS = NO;
				CLANG_ANALYZER_NONNULL = YES;
				CLANG_ANALYZER_NUMBER_OBJECT_CONVERSION = YES_AGGRESSIVE;
				CLANG_CXX_LANGUAGE_STANDARD = "gnu++14";
				CLANG_CXX_LIBRARY = "libc++";
				CLANG_ENABLE_MODULES = YES;
				CLANG_ENABLE_OBJC_ARC = YES;
				CLANG_ENABLE_OBJC_WEAK = YES;
				CLANG_WARN_BLOCK_CAPTURE_AUTORELEASING = YES;
				CLANG_WARN_BOOL_CONVERSION = YES;
				CLANG_WARN_COMMA = YES;
				CLANG_WARN_CONSTANT_CONVERSION = YES;
				CLANG_WARN_DEPRECATED_OBJC_IMPLEMENTATIONS = YES;
				CLANG_WARN_DIRECT_OBJC_ISA_USAGE = YES_ERROR;
				CLANG_WARN_DOCUMENTATION_COMMENTS = YES;
				CLANG_WARN_EMPTY_BODY = YES;
				CLANG_WARN_ENUM_CONVERSION = YES;
				CLANG_WARN_INFINITE_RECURSION = YES;
				CLANG_WARN_INT_CONVERSION = YES;
				CLANG_WARN_NON_LITERAL_NULL_CONVERSION = YES;
				CLANG_WARN_OBJC_IMPLICIT_RETAIN_SELF = YES;
				CLANG_WARN_OBJC_LITERAL_CONVERSION = YES;
				CLANG_WARN_OBJC_ROOT_CLASS = YES_ERROR;
				CLANG_WARN_QUOTED_INCLUDE_IN_FRAMEWORK_HEADER = YES;
				CLANG_WARN_RANGE_LOOP_ANALYSIS = YES;
				CLANG_WARN_STRICT_PROTOTYPES = YES;
				CLANG_WARN_SUSPICIOUS_MOVE = YES;
				CLANG_WARN_UNGUARDED_AVAILABILITY = YES_AGGRESSIVE;
				CLANG_WARN_UNREACHABLE_CODE = YES;
				CLANG_WARN__DUPLICATE_METHOD_MATCH = YES;
				COPY_PHASE_STRIP = NO;
				CURRENT_PROJECT_VERSION = 1;
				DEBUG_INFORMATION_FORMAT = dwarf;
				ENABLE_STRICT_OBJC_MSGSEND = YES;
				ENABLE_TESTABILITY = YES;
				GCC_C_LANGUAGE_STANDARD = gnu11;
				GCC_DYNAMIC_NO_PIC = NO;
				GCC_NO_COMMON_BLOCKS = YES;
				GCC_OPTIMIZATION_LEVEL = 0;
				GCC_PREPROCESSOR_DEFINITIONS = (
					"DEBUG=1",
					"$(inherited)",
				);
				GCC_WARN_64_TO_32_BIT_CONVERSION = YES;
				GCC_WARN_ABOUT_RETURN_TYPE = YES_ERROR;
				GCC_WARN_UNDECLARED_SELECTOR = YES;
				GCC_WARN_UNINITIALIZED_AUTOS = YES_AGGRESSIVE;
				GCC_WARN_UNUSED_FUNCTION = YES;
				GCC_WARN_UNUSED_VARIABLE = YES;
				IPHONEOS_DEPLOYMENT_TARGET = 12.0;
				MTL_ENABLE_DEBUG_INFO = INCLUDE_SOURCE;
				MTL_FAST_MATH = YES;
				ONLY_ACTIVE_ARCH = YES;
				SDKROOT = iphoneos;
				SWIFT_ACTIVE_COMPILATION_CONDITIONS = DEBUG;
				SWIFT_OPTIMIZATION_LEVEL = "-Onone";
				VERSIONING_SYSTEM = "apple-generic";
				VERSION_INFO_PREFIX = "";
			};
			name = Debug;
		};
		3EE4DA1624E367720097540B /* Release */ = {
			isa = XCBuildConfiguration;
			buildSettings = {
				ALWAYS_SEARCH_USER_PATHS = NO;
				CLANG_ANALYZER_NONNULL = YES;
				CLANG_ANALYZER_NUMBER_OBJECT_CONVERSION = YES_AGGRESSIVE;
				CLANG_CXX_LANGUAGE_STANDARD = "gnu++14";
				CLANG_CXX_LIBRARY = "libc++";
				CLANG_ENABLE_MODULES = YES;
				CLANG_ENABLE_OBJC_ARC = YES;
				CLANG_ENABLE_OBJC_WEAK = YES;
				CLANG_WARN_BLOCK_CAPTURE_AUTORELEASING = YES;
				CLANG_WARN_BOOL_CONVERSION = YES;
				CLANG_WARN_COMMA = YES;
				CLANG_WARN_CONSTANT_CONVERSION = YES;
				CLANG_WARN_DEPRECATED_OBJC_IMPLEMENTATIONS = YES;
				CLANG_WARN_DIRECT_OBJC_ISA_USAGE = YES_ERROR;
				CLANG_WARN_DOCUMENTATION_COMMENTS = YES;
				CLANG_WARN_EMPTY_BODY = YES;
				CLANG_WARN_ENUM_CONVERSION = YES;
				CLANG_WARN_INFINITE_RECURSION = YES;
				CLANG_WARN_INT_CONVERSION = YES;
				CLANG_WARN_NON_LITERAL_NULL_CONVERSION = YES;
				CLANG_WARN_OBJC_IMPLICIT_RETAIN_SELF = YES;
				CLANG_WARN_OBJC_LITERAL_CONVERSION = YES;
				CLANG_WARN_OBJC_ROOT_CLASS = YES_ERROR;
				CLANG_WARN_QUOTED_INCLUDE_IN_FRAMEWORK_HEADER = YES;
				CLANG_WARN_RANGE_LOOP_ANALYSIS = YES;
				CLANG_WARN_STRICT_PROTOTYPES = YES;
				CLANG_WARN_SUSPICIOUS_MOVE = YES;
				CLANG_WARN_UNGUARDED_AVAILABILITY = YES_AGGRESSIVE;
				CLANG_WARN_UNREACHABLE_CODE = YES;
				CLANG_WARN__DUPLICATE_METHOD_MATCH = YES;
				COPY_PHASE_STRIP = NO;
				CURRENT_PROJECT_VERSION = 1;
				DEBUG_INFORMATION_FORMAT = "dwarf-with-dsym";
				ENABLE_NS_ASSERTIONS = NO;
				ENABLE_STRICT_OBJC_MSGSEND = YES;
				GCC_C_LANGUAGE_STANDARD = gnu11;
				GCC_NO_COMMON_BLOCKS = YES;
				GCC_WARN_64_TO_32_BIT_CONVERSION = YES;
				GCC_WARN_ABOUT_RETURN_TYPE = YES_ERROR;
				GCC_WARN_UNDECLARED_SELECTOR = YES;
				GCC_WARN_UNINITIALIZED_AUTOS = YES_AGGRESSIVE;
				GCC_WARN_UNUSED_FUNCTION = YES;
				GCC_WARN_UNUSED_VARIABLE = YES;
				IPHONEOS_DEPLOYMENT_TARGET = 12.0;
				MTL_ENABLE_DEBUG_INFO = NO;
				MTL_FAST_MATH = YES;
				SDKROOT = iphoneos;
				SWIFT_COMPILATION_MODE = wholemodule;
				SWIFT_OPTIMIZATION_LEVEL = "-O";
				VALIDATE_PRODUCT = YES;
				VERSIONING_SYSTEM = "apple-generic";
				VERSION_INFO_PREFIX = "";
			};
			name = Release;
		};
		3EE4DA1824E367720097540B /* Debug */ = {
			isa = XCBuildConfiguration;
			buildSettings = {
				CLANG_ENABLE_MODULES = YES;
				CODE_SIGN_STYLE = Automatic;
				DEFINES_MODULE = YES;
				DYLIB_COMPATIBILITY_VERSION = 1;
				DYLIB_CURRENT_VERSION = 1;
				DYLIB_INSTALL_NAME_BASE = "@rpath";
				INFOPLIST_FILE = Sources/Info.plist;
				INSTALL_PATH = "$(LOCAL_LIBRARY_DIR)/Frameworks";
				IPHONEOS_DEPLOYMENT_TARGET = 12.0;
				LD_RUNPATH_SEARCH_PATHS = (
					"$(inherited)",
					"@executable_path/Frameworks",
					"@loader_path/Frameworks",
				);
				PRODUCT_BUNDLE_IDENTIFIER = com.unstoppabledomains.resolution;
				PRODUCT_NAME = Resolution;
				SKIP_INSTALL = YES;
				SWIFT_OPTIMIZATION_LEVEL = "-Onone";
				SWIFT_VERSION = 5.0;
				TARGETED_DEVICE_FAMILY = "1,2";
			};
			name = Debug;
		};
		3EE4DA1924E367720097540B /* Release */ = {
			isa = XCBuildConfiguration;
			buildSettings = {
				CLANG_ENABLE_MODULES = YES;
				CODE_SIGN_STYLE = Automatic;
				DEFINES_MODULE = YES;
				DYLIB_COMPATIBILITY_VERSION = 1;
				DYLIB_CURRENT_VERSION = 1;
				DYLIB_INSTALL_NAME_BASE = "@rpath";
				INFOPLIST_FILE = Sources/Info.plist;
				INSTALL_PATH = "$(LOCAL_LIBRARY_DIR)/Frameworks";
				IPHONEOS_DEPLOYMENT_TARGET = 12.0;
				LD_RUNPATH_SEARCH_PATHS = (
					"$(inherited)",
					"@executable_path/Frameworks",
					"@loader_path/Frameworks",
				);
				PRODUCT_BUNDLE_IDENTIFIER = com.unstoppabledomains.resolution;
				PRODUCT_NAME = Resolution;
				SKIP_INSTALL = YES;
				SWIFT_VERSION = 5.0;
				TARGETED_DEVICE_FAMILY = "1,2";
			};
			name = Release;
		};
		3EE4DA1B24E367720097540B /* Debug */ = {
			isa = XCBuildConfiguration;
			buildSettings = {
				ALWAYS_EMBED_SWIFT_STANDARD_LIBRARIES = YES;
				"CODE_SIGN_IDENTITY[sdk=macosx*]" = "-";
				CODE_SIGN_STYLE = Automatic;
				INFOPLIST_FILE = Tests/ResolutionTests/Info.plist;
				LD_RUNPATH_SEARCH_PATHS = (
					"$(inherited)",
					"@executable_path/Frameworks",
					"@loader_path/Frameworks",
				);
				PRODUCT_BUNDLE_IDENTIFIER = com.unstoppabledomains.resolutionTests;
				"PRODUCT_BUNDLE_IDENTIFIER[sdk=macosx*]" = com.unstoppabledomains.resolution;
				PRODUCT_NAME = "$(TARGET_NAME)";
				SWIFT_VERSION = 5.0;
				TARGETED_DEVICE_FAMILY = "1,2";
			};
			name = Debug;
		};
		3EE4DA1C24E367720097540B /* Release */ = {
			isa = XCBuildConfiguration;
			buildSettings = {
				ALWAYS_EMBED_SWIFT_STANDARD_LIBRARIES = YES;
				"CODE_SIGN_IDENTITY[sdk=macosx*]" = "-";
				CODE_SIGN_STYLE = Automatic;
				INFOPLIST_FILE = Tests/ResolutionTests/Info.plist;
				LD_RUNPATH_SEARCH_PATHS = (
					"$(inherited)",
					"@executable_path/Frameworks",
					"@loader_path/Frameworks",
				);
				PRODUCT_BUNDLE_IDENTIFIER = com.unstoppabledomains.resolutionTests;
				"PRODUCT_BUNDLE_IDENTIFIER[sdk=macosx*]" = com.unstoppabledomains.resolution;
				PRODUCT_NAME = "$(TARGET_NAME)";
				SWIFT_VERSION = 5.0;
				TARGETED_DEVICE_FAMILY = "1,2";
			};
			name = Release;
		};
/* End XCBuildConfiguration section */

/* Begin XCConfigurationList section */
		3EE4D9FD24E367720097540B /* Build configuration list for PBXProject "resolution" */ = {
			isa = XCConfigurationList;
			buildConfigurations = (
				3EE4DA1524E367720097540B /* Debug */,
				3EE4DA1624E367720097540B /* Release */,
			);
			defaultConfigurationIsVisible = 0;
			defaultConfigurationName = Release;
		};
		3EE4DA1724E367720097540B /* Build configuration list for PBXNativeTarget "UnstoppableDomainsResolution" */ = {
			isa = XCConfigurationList;
			buildConfigurations = (
				3EE4DA1824E367720097540B /* Debug */,
				3EE4DA1924E367720097540B /* Release */,
			);
			defaultConfigurationIsVisible = 0;
			defaultConfigurationName = Release;
		};
		3EE4DA1A24E367720097540B /* Build configuration list for PBXNativeTarget "ResolutionTests" */ = {
			isa = XCConfigurationList;
			buildConfigurations = (
				3EE4DA1B24E367720097540B /* Debug */,
				3EE4DA1C24E367720097540B /* Release */,
			);
			defaultConfigurationIsVisible = 0;
			defaultConfigurationName = Release;
		};
/* End XCConfigurationList section */

/* Begin XCRemoteSwiftPackageReference section */
		B6B202C6260226B700A72AF2 /* XCRemoteSwiftPackageReference "BigInt" */ = {
			isa = XCRemoteSwiftPackageReference;
			repositoryURL = "https://github.com/attaswift/BigInt.git";
			requirement = {
				kind = upToNextMajorVersion;
				minimumVersion = 5.2.1;
			};
		};
		B6F2076B25DBD93900140CE3 /* XCRemoteSwiftPackageReference "CryptoSwift" */ = {
			isa = XCRemoteSwiftPackageReference;
			repositoryURL = "https://github.com/krzyzanowskim/CryptoSwift.git";
			requirement = {
				kind = upToNextMajorVersion;
				minimumVersion = 1.4.0;
			};
		};
/* End XCRemoteSwiftPackageReference section */

/* Begin XCSwiftPackageProductDependency section */
		B6B202C7260226B700A72AF2 /* BigInt */ = {
			isa = XCSwiftPackageProductDependency;
			package = B6B202C6260226B700A72AF2 /* XCRemoteSwiftPackageReference "BigInt" */;
			productName = BigInt;
		};
		B6F2076C25DBD93900140CE3 /* CryptoSwift */ = {
			isa = XCSwiftPackageProductDependency;
			package = B6F2076B25DBD93900140CE3 /* XCRemoteSwiftPackageReference "CryptoSwift" */;
			productName = CryptoSwift;
		};
/* End XCSwiftPackageProductDependency section */
	};
	rootObject = 3EE4D9FA24E367720097540B /* Project object */;
}
