{
  "object": {
    "pins": [
      {
        "package": "Base58Swift",
        "repositoryURL": "https://github.com/keefertaylor/Base58Swift.git",
        "state": {
          "branch": null,
          "revision": "c081b22d6df81d736e24424f461edd197ec873c2",
          "version": "2.1.9"
        }
      },
      {
        "package": "BigInt",
        "repositoryURL": "https://github.com/attaswift/BigInt.git",
        "state": {
          "branch": null,
          "revision": "018a5925f60f9e0523edd261de394a0898fe95b7",
          "version": "3.1.0"
        }
      },
      {
        "package": "CryptoSwift",
        "repositoryURL": "https://github.com/krzyzanowskim/CryptoSwift.git",
        "state": {
          "branch": null,
          "revision": "c5ee516c9616ec7dc2a000007ddb8bf5d9543c74",
          "version": "0.13.1"
        }
      },
      {
        "package": "EthereumABI",
        "repositoryURL": "https://github.com/deczer/EthereumABI",
        "state": {
          "branch": null,
          "revision": "2891f6067e94b94a4323d61b971b1455d22d02bc",
          "version": "1.0.0"
        }
      },
      {
        "package": "EthereumAddress",
        "repositoryURL": "https://github.com/deczer/EthereumAddress.git",
        "state": {
          "branch": null,
          "revision": "56e8efc904f2414040b6697c93f8dfcb4a29f2cd",
          "version": "1.0.0"
        }
      },
      {
        "package": "SipHash",
        "repositoryURL": "https://github.com/attaswift/SipHash",
        "state": {
          "branch": null,
          "revision": "e325083424688055363bbfcb7f1a440d7d7a1bae",
          "version": "1.2.2"
        }
      }
    ]
  },
  "version": 1
}
